// !$*UTF8*$!
{
	archiveVersion = 1;
	classes = {
	};
	objectVersion = 54;
	objects = {
		3B06AD1E1E4923F5004D2608 /* Flutter.framework */ = {
			isa = PBXFileReference;
			explicitFileType = wrapper.framework;
			path = Flutter.framework;
			sourceTree = SDKROOT;
		};
		3B3967151E833CAA004F5024 /* AppDelegate.swift */ = {
			isa = PBXFileReference;
			fileEncoding = 4;
			lastKnownFileType = sourcecode.swift;
			path = AppDelegate.swift;
			sourceTree = "<group>";
		};
		74858FAD1ED291DF004F2C53 /* Runner */ = {
			isa = PBXGroup;
			children = (
				3B3967151E833CAA004F5024,
				74858FAE1ED291DF004F2C53,
			);
			path = Runner;
			sourceTree = "<group>";
		};
		74858FAE1ED291DF004F2C53 /* Main.storyboard */ = {
			isa = PBXFileReference;
			fileEncoding = 4;
			lastKnownFileType = file.storyboard;
			path = Main.storyboard;
			sourceTree = "<group>";
		};
		74858FAF1ED291DF004F2C53 /* GeneratedPluginRegistrant.h */ = {
			isa = PBXFileReference;
			fileEncoding = 4;
			lastKnownFileType = sourcecode.c.h;
			name = GeneratedPluginRegistrant.h;
			path = Runner/GeneratedPluginRegistrant.h;
			sourceTree = "<group>";
		};
		74858FB01ED291DF004F2C53 /* GeneratedPluginRegistrant.m */ = {
			isa = PBXFileReference;
			fileEncoding = 4;
			lastKnownFileType = sourcecode.c.objc;
			name = GeneratedPluginRegistrant.m;
			path = Runner/GeneratedPluginRegistrant.m;
			sourceTree = "<group>";
		};
		9740EEB21CF90195004384FC /* Debug.xcconfig */ = {
			isa = PBXFileReference;
			fileEncoding = 4;
			lastKnownFileType = text.xcconfig;
			path = Debug.xcconfig;
			sourceTree = SOURCE_ROOT;
		};
		9740EEB31CF90195004384FC /* Generated.xcconfig */ = {
			isa = PBXFileReference;
			fileEncoding = 4;
			lastKnownFileType = text.xcconfig;
			path = Generated.xcconfig;
			sourceTree = SOURCE_ROOT;
		};
		9740EEB41CF90195004384FC /* Release.xcconfig */ = {
			isa = PBXFileReference;
			fileEncoding = 4;
			lastKnownFileType = text.xcconfig;
			path = Release.xcconfig;
			sourceTree = SOURCE_ROOT;
		};
		97C146EE1CF9000F007C117D /* Info.plist */ = {
			isa = PBXFileReference;
			fileEncoding = 4;
			lastKnownFileType = text.plist.xml;
			path = Info.plist;
			sourceTree = "<group>";
		};
		97C146FB1CF9000F007C117D /* main.m */ = {
			isa = PBXFileReference;
			fileEncoding = 4;
			lastKnownFileType = sourcecode.c.objc;
			path = main.m;
			sourceTree = "<group>";
		};
		97C147021CF9000F007C117D /* LaunchScreen.storyboard */ = {
			isa = PBXFileReference;
			fileEncoding = 4;
			lastKnownFileType = file.storyboard;
			path = LaunchScreen.storyboard;
			sourceTree = "<group>";
		};
		97C147031CF9000F007C117D /* Assets.xcassets */ = {
			isa = PBXFileReference;
			lastKnownFileType = folder.assetcatalog;
			path = Assets.xcassets;
			sourceTree = "<group>";
		};
		99B4C147156CCE77004119B6 /* Flutter */ = {
			isa = PBXGroup;
			children = (
				9740EEB21CF90195004384FC,
				9740EEB31CF90195004384FC,
				9740EEB41CF90195004384FC,
			);
			path = Flutter;
			sourceTree = SOURCE_ROOT;
		};
		9740EEB11CF90186004384FC /* Flutter */ = {
			isa = PBXGroup;
			children = (
				3B06AD1E1E4923F5004D2608,
			);
			name = Flutter;
			path = Flutter;
			sourceTree = SOURCE_ROOT;
		};
		97C146E51CF9000F007C117D = {
			isa = PBXGroup;
			children = (
				9740EEB11CF90186004384FC,
				97C146F01CF9000F007C117D,
				97C146EE1CF9000F007C117D,
				97C146FB1CF9000F007C117D,
				97C147021CF9000F007C117D,
				97C147031CF9000F007C117D,
				74858FAF1ED291DF004F2C53,
				74858FB01ED291DF004F2C53,
				74858FAD1ED291DF004F2C53,
				99B4C147156CCE77004119B6,
			);
			sourceTree = "<group>";
		};
		97C146F01CF9000F007C117D /* Runner */ = {
			isa = PBXFileReference;
			lastKnownFileType = folder;
			path = Runner;
			sourceTree = "<group>";
		};
	};
	rootObject = 97C146E51CF9000F007C117D;
}
